
Microsoft Visual Studio Solution File, Format Version 12.00
# Visual Studio 14
VisualStudioVersion = 14.0.22823.1
MinimumVisualStudioVersion = 10.0.40219.1
Project("{8BC9CEB8-8B4A-11D0-8D11-00A0C91BC942}") = "SQLite.Core.Shared", "SQLite.Core\SQLite.Core.Shared\SQLite.Core.Shared.vcxitems", "{BDD1A27A-D0DC-49E6-A8BA-DC237FC70279}"
EndProject
Project("{8BC9CEB8-8B4A-11D0-8D11-00A0C91BC942}") = "SQLite.Core.Windows", "SQLite.Core\SQLite.Core.Windows\SQLite.Core.Windows.vcxproj", "{458EE44C-0967-4B38-BA8C-C5BE0FE6501D}"
EndProject
Project("{8BC9CEB8-8B4A-11D0-8D11-00A0C91BC942}") = "SQLite.Core.WindowsPhone", "SQLite.Core\SQLite.Core.WindowsPhone\SQLite.Core.WindowsPhone.vcxproj", "{A5B506EB-8567-43B6-AC7E-309D241687CC}"
EndProject
Project("{2150E333-8FDC-42A3-9474-1A3956D46DE8}") = "SQLite.Core", "SQLite.Core", "{758718FB-B45C-45BC-8442-8F615BFAC1CC}"
EndProject
Project("{2150E333-8FDC-42A3-9474-1A3956D46DE8}") = "SQLite.Native", "SQLite.Native", "{78578F1E-595B-454A-9AD4-FB333CE2B25E}"
EndProject
Project("{8BC9CEB8-8B4A-11D0-8D11-00A0C91BC942}") = "SQLite.Native.Shared", "SQLite.Native\SQLite.Native.Shared\SQLite.Native.Shared.vcxitems", "{363D31EB-1776-48DE-AED2-A9225930DFB1}"
EndProject
Project("{8BC9CEB8-8B4A-11D0-8D11-00A0C91BC942}") = "SQLite.Native.Windows", "SQLite.Native\SQLite.Native.Windows\SQLite.Native.Windows.vcxproj", "{AFE15984-1423-4D51-A41A-D919FE23B844}"
EndProject
Project("{8BC9CEB8-8B4A-11D0-8D11-00A0C91BC942}") = "SQLite.Native.WindowsPhone", "SQLite.Native\SQLite.Native.WindowsPhone\SQLite.Native.WindowsPhone.vcxproj", "{41C7CD9F-0153-43E4-87ED-7858A641D4A3}"
EndProject
Project("{8BC9CEB8-8B4A-11D0-8D11-00A0C91BC942}") = "SQLite.Native.Universal", "SQLite.Native\SQLite.Native.Universal\SQLite.Native.Universal.vcxproj", "{C3F2BA49-FEE9-494C-A430-EED34C82C82F}"
EndProject
Project("{8BC9CEB8-8B4A-11D0-8D11-00A0C91BC942}") = "SQLite.Core.Universal", "SQLite.Core\SQLite.Core.Universal\SQLite.Core.Universal.vcxproj", "{AACCFC0F-A3A0-4898-8EF2-1EB98A04FD7D}"
EndProject
Project("{2150E333-8FDC-42A3-9474-1A3956D46DE8}") = "Tests", "Tests", "{6801E073-D28F-426D-942F-3BF6157A5273}"
EndProject
Project("{FAE04EC0-301F-11D3-BF4B-00C04F79EFBC}") = "SQLiteTests", "SQLiteTests\SQLiteTests.csproj", "{55C643C8-E91C-4247-A1F3-387158EEEC02}"
EndProject
Global
	GlobalSection(SharedMSBuildProjectFiles) = preSolution
		SQLite.Native\SQLite.Native.Shared\SQLite.Native.Shared.vcxitems*{363d31eb-1776-48de-aed2-a9225930dfb1}*SharedItemsImports = 9
		SQLite.Core\SQLite.Core.Shared\SQLite.Core.Shared.vcxitems*{458ee44c-0967-4b38-ba8c-c5be0fe6501d}*SharedItemsImports = 4
		SQLite.Core\SQLite.Core.Shared\SQLite.Core.Shared.vcxitems*{bdd1a27a-d0dc-49e6-a8ba-dc237fc70279}*SharedItemsImports = 9
		SQLite.Native\SQLite.Native.Shared\SQLite.Native.Shared.vcxitems*{c3f2ba49-fee9-494c-a430-eed34c82c82f}*SharedItemsImports = 4
		SQLite.Core\SQLite.Core.Shared\SQLite.Core.Shared.vcxitems*{a5b506eb-8567-43b6-ac7e-309d241687cc}*SharedItemsImports = 4
		SQLite.Core\SQLite.Core.Shared\SQLite.Core.Shared.vcxitems*{aaccfc0f-a3a0-4898-8ef2-1eb98a04fd7d}*SharedItemsImports = 4
		SQLite.Native\SQLite.Native.Shared\SQLite.Native.Shared.vcxitems*{41c7cd9f-0153-43e4-87ed-7858a641d4a3}*SharedItemsImports = 4
		SQLite.Native\SQLite.Native.Shared\SQLite.Native.Shared.vcxitems*{afe15984-1423-4d51-a41a-d919fe23b844}*SharedItemsImports = 4
	EndGlobalSection
	GlobalSection(SolutionConfigurationPlatforms) = preSolution
		Debug|Any CPU = Debug|Any CPU
		Debug|ARM = Debug|ARM
		Debug|x64 = Debug|x64
		Debug|x86 = Debug|x86
		Release|Any CPU = Release|Any CPU
		Release|ARM = Release|ARM
		Release|x64 = Release|x64
		Release|x86 = Release|x86
	EndGlobalSection
	GlobalSection(ProjectConfigurationPlatforms) = postSolution
		{458EE44C-0967-4B38-BA8C-C5BE0FE6501D}.Debug|Any CPU.ActiveCfg = Debug|Win32
		{458EE44C-0967-4B38-BA8C-C5BE0FE6501D}.Debug|ARM.ActiveCfg = Debug|ARM
		{458EE44C-0967-4B38-BA8C-C5BE0FE6501D}.Debug|ARM.Build.0 = Debug|ARM
		{458EE44C-0967-4B38-BA8C-C5BE0FE6501D}.Debug|x64.ActiveCfg = Debug|x64
		{458EE44C-0967-4B38-BA8C-C5BE0FE6501D}.Debug|x64.Build.0 = Debug|x64
		{458EE44C-0967-4B38-BA8C-C5BE0FE6501D}.Debug|x86.ActiveCfg = Debug|Win32
		{458EE44C-0967-4B38-BA8C-C5BE0FE6501D}.Debug|x86.Build.0 = Debug|Win32
		{458EE44C-0967-4B38-BA8C-C5BE0FE6501D}.Release|Any CPU.ActiveCfg = Release|Win32
		{458EE44C-0967-4B38-BA8C-C5BE0FE6501D}.Release|ARM.ActiveCfg = Release|ARM
		{458EE44C-0967-4B38-BA8C-C5BE0FE6501D}.Release|ARM.Build.0 = Release|ARM
		{458EE44C-0967-4B38-BA8C-C5BE0FE6501D}.Release|x64.ActiveCfg = Release|x64
		{458EE44C-0967-4B38-BA8C-C5BE0FE6501D}.Release|x64.Build.0 = Release|x64
		{458EE44C-0967-4B38-BA8C-C5BE0FE6501D}.Release|x86.ActiveCfg = Release|Win32
		{458EE44C-0967-4B38-BA8C-C5BE0FE6501D}.Release|x86.Build.0 = Release|Win32
		{A5B506EB-8567-43B6-AC7E-309D241687CC}.Debug|Any CPU.ActiveCfg = Debug|Win32
		{A5B506EB-8567-43B6-AC7E-309D241687CC}.Debug|ARM.ActiveCfg = Debug|ARM
		{A5B506EB-8567-43B6-AC7E-309D241687CC}.Debug|ARM.Build.0 = Debug|ARM
		{A5B506EB-8567-43B6-AC7E-309D241687CC}.Debug|x64.ActiveCfg = Debug|Win32
		{A5B506EB-8567-43B6-AC7E-309D241687CC}.Debug|x86.ActiveCfg = Debug|Win32
		{A5B506EB-8567-43B6-AC7E-309D241687CC}.Debug|x86.Build.0 = Debug|Win32
		{A5B506EB-8567-43B6-AC7E-309D241687CC}.Release|Any CPU.ActiveCfg = Release|Win32
		{A5B506EB-8567-43B6-AC7E-309D241687CC}.Release|ARM.ActiveCfg = Release|ARM
		{A5B506EB-8567-43B6-AC7E-309D241687CC}.Release|ARM.Build.0 = Release|ARM
		{A5B506EB-8567-43B6-AC7E-309D241687CC}.Release|x64.ActiveCfg = Release|Win32
		{A5B506EB-8567-43B6-AC7E-309D241687CC}.Release|x86.ActiveCfg = Release|Win32
		{A5B506EB-8567-43B6-AC7E-309D241687CC}.Release|x86.Build.0 = Release|Win32
		{AFE15984-1423-4D51-A41A-D919FE23B844}.Debug|Any CPU.ActiveCfg = Debug|Win32
		{AFE15984-1423-4D51-A41A-D919FE23B844}.Debug|ARM.ActiveCfg = Debug|ARM
		{AFE15984-1423-4D51-A41A-D919FE23B844}.Debug|ARM.Build.0 = Debug|ARM
		{AFE15984-1423-4D51-A41A-D919FE23B844}.Debug|x64.ActiveCfg = Debug|x64
		{AFE15984-1423-4D51-A41A-D919FE23B844}.Debug|x64.Build.0 = Debug|x64
		{AFE15984-1423-4D51-A41A-D919FE23B844}.Debug|x86.ActiveCfg = Debug|Win32
		{AFE15984-1423-4D51-A41A-D919FE23B844}.Debug|x86.Build.0 = Debug|Win32
		{AFE15984-1423-4D51-A41A-D919FE23B844}.Release|Any CPU.ActiveCfg = Release|Win32
		{AFE15984-1423-4D51-A41A-D919FE23B844}.Release|ARM.ActiveCfg = Release|ARM
		{AFE15984-1423-4D51-A41A-D919FE23B844}.Release|ARM.Build.0 = Release|ARM
		{AFE15984-1423-4D51-A41A-D919FE23B844}.Release|x64.ActiveCfg = Release|x64
		{AFE15984-1423-4D51-A41A-D919FE23B844}.Release|x64.Build.0 = Release|x64
		{AFE15984-1423-4D51-A41A-D919FE23B844}.Release|x86.ActiveCfg = Release|Win32
		{AFE15984-1423-4D51-A41A-D919FE23B844}.Release|x86.Build.0 = Release|Win32
		{41C7CD9F-0153-43E4-87ED-7858A641D4A3}.Debug|Any CPU.ActiveCfg = Debug|Win32
		{41C7CD9F-0153-43E4-87ED-7858A641D4A3}.Debug|ARM.ActiveCfg = Debug|ARM
		{41C7CD9F-0153-43E4-87ED-7858A641D4A3}.Debug|ARM.Build.0 = Debug|ARM
		{41C7CD9F-0153-43E4-87ED-7858A641D4A3}.Debug|x64.ActiveCfg = Debug|Win32
		{41C7CD9F-0153-43E4-87ED-7858A641D4A3}.Debug|x86.ActiveCfg = Debug|Win32
		{41C7CD9F-0153-43E4-87ED-7858A641D4A3}.Debug|x86.Build.0 = Debug|Win32
		{41C7CD9F-0153-43E4-87ED-7858A641D4A3}.Release|Any CPU.ActiveCfg = Release|Win32
		{41C7CD9F-0153-43E4-87ED-7858A641D4A3}.Release|ARM.ActiveCfg = Release|ARM
		{41C7CD9F-0153-43E4-87ED-7858A641D4A3}.Release|ARM.Build.0 = Release|ARM
		{41C7CD9F-0153-43E4-87ED-7858A641D4A3}.Release|x64.ActiveCfg = Release|Win32
		{41C7CD9F-0153-43E4-87ED-7858A641D4A3}.Release|x86.ActiveCfg = Release|Win32
		{41C7CD9F-0153-43E4-87ED-7858A641D4A3}.Release|x86.Build.0 = Release|Win32
		{C3F2BA49-FEE9-494C-A430-EED34C82C82F}.Debug|Any CPU.ActiveCfg = Debug|Win32
		{C3F2BA49-FEE9-494C-A430-EED34C82C82F}.Debug|ARM.ActiveCfg = Debug|ARM
		{C3F2BA49-FEE9-494C-A430-EED34C82C82F}.Debug|ARM.Build.0 = Debug|ARM
		{C3F2BA49-FEE9-494C-A430-EED34C82C82F}.Debug|x64.ActiveCfg = Debug|x64
		{C3F2BA49-FEE9-494C-A430-EED34C82C82F}.Debug|x64.Build.0 = Debug|x64
		{C3F2BA49-FEE9-494C-A430-EED34C82C82F}.Debug|x86.ActiveCfg = Debug|Win32
		{C3F2BA49-FEE9-494C-A430-EED34C82C82F}.Debug|x86.Build.0 = Debug|Win32
		{C3F2BA49-FEE9-494C-A430-EED34C82C82F}.Release|Any CPU.ActiveCfg = Release|Win32
		{C3F2BA49-FEE9-494C-A430-EED34C82C82F}.Release|ARM.ActiveCfg = Release|ARM
		{C3F2BA49-FEE9-494C-A430-EED34C82C82F}.Release|ARM.Build.0 = Release|ARM
		{C3F2BA49-FEE9-494C-A430-EED34C82C82F}.Release|x64.ActiveCfg = Release|x64
		{C3F2BA49-FEE9-494C-A430-EED34C82C82F}.Release|x64.Build.0 = Release|x64
		{C3F2BA49-FEE9-494C-A430-EED34C82C82F}.Release|x86.ActiveCfg = Release|Win32
		{C3F2BA49-FEE9-494C-A430-EED34C82C82F}.Release|x86.Build.0 = Release|Win32
		{AACCFC0F-A3A0-4898-8EF2-1EB98A04FD7D}.Debug|Any CPU.ActiveCfg = Debug|Win32
		{AACCFC0F-A3A0-4898-8EF2-1EB98A04FD7D}.Debug|ARM.ActiveCfg = Debug|ARM
		{AACCFC0F-A3A0-4898-8EF2-1EB98A04FD7D}.Debug|ARM.Build.0 = Debug|ARM
		{AACCFC0F-A3A0-4898-8EF2-1EB98A04FD7D}.Debug|x64.ActiveCfg = Debug|x64
		{AACCFC0F-A3A0-4898-8EF2-1EB98A04FD7D}.Debug|x64.Build.0 = Debug|x64
		{AACCFC0F-A3A0-4898-8EF2-1EB98A04FD7D}.Debug|x86.ActiveCfg = Debug|Win32
		{AACCFC0F-A3A0-4898-8EF2-1EB98A04FD7D}.Debug|x86.Build.0 = Debug|Win32
		{AACCFC0F-A3A0-4898-8EF2-1EB98A04FD7D}.Release|Any CPU.ActiveCfg = Release|Win32
		{AACCFC0F-A3A0-4898-8EF2-1EB98A04FD7D}.Release|ARM.ActiveCfg = Release|ARM
		{AACCFC0F-A3A0-4898-8EF2-1EB98A04FD7D}.Release|ARM.Build.0 = Release|ARM
		{AACCFC0F-A3A0-4898-8EF2-1EB98A04FD7D}.Release|x64.ActiveCfg = Release|x64
		{AACCFC0F-A3A0-4898-8EF2-1EB98A04FD7D}.Release|x64.Build.0 = Release|x64
		{AACCFC0F-A3A0-4898-8EF2-1EB98A04FD7D}.Release|x86.ActiveCfg = Release|Win32
		{AACCFC0F-A3A0-4898-8EF2-1EB98A04FD7D}.Release|x86.Build.0 = Release|Win32
		{55C643C8-E91C-4247-A1F3-387158EEEC02}.Debug|Any CPU.ActiveCfg = Debug|Any CPU
		{55C643C8-E91C-4247-A1F3-387158EEEC02}.Debug|Any CPU.Build.0 = Debug|Any CPU
		{55C643C8-E91C-4247-A1F3-387158EEEC02}.Debug|Any CPU.Deploy.0 = Debug|Any CPU
		{55C643C8-E91C-4247-A1F3-387158EEEC02}.Debug|ARM.ActiveCfg = Debug|ARM
		{55C643C8-E91C-4247-A1F3-387158EEEC02}.Debug|ARM.Build.0 = Debug|ARM
		{55C643C8-E91C-4247-A1F3-387158EEEC02}.Debug|ARM.Deploy.0 = Debug|ARM
		{55C643C8-E91C-4247-A1F3-387158EEEC02}.Debug|x64.ActiveCfg = Debug|x64
		{55C643C8-E91C-4247-A1F3-387158EEEC02}.Debug|x64.Build.0 = Debug|x64
		{55C643C8-E91C-4247-A1F3-387158EEEC02}.Debug|x64.Deploy.0 = Debug|x64
		{55C643C8-E91C-4247-A1F3-387158EEEC02}.Debug|x86.ActiveCfg = Debug|x86
		{55C643C8-E91C-4247-A1F3-387158EEEC02}.Debug|x86.Build.0 = Debug|x86
		{55C643C8-E91C-4247-A1F3-387158EEEC02}.Debug|x86.Deploy.0 = Debug|x86
		{55C643C8-E91C-4247-A1F3-387158EEEC02}.Release|Any CPU.ActiveCfg = Release|Any CPU
		{55C643C8-E91C-4247-A1F3-387158EEEC02}.Release|Any CPU.Build.0 = Release|Any CPU
		{55C643C8-E91C-4247-A1F3-387158EEEC02}.Release|Any CPU.Deploy.0 = Release|Any CPU
		{55C643C8-E91C-4247-A1F3-387158EEEC02}.Release|ARM.ActiveCfg = Release|ARM
		{55C643C8-E91C-4247-A1F3-387158EEEC02}.Release|ARM.Build.0 = Release|ARM
		{55C643C8-E91C-4247-A1F3-387158EEEC02}.Release|ARM.Deploy.0 = Release|ARM
		{55C643C8-E91C-4247-A1F3-387158EEEC02}.Release|x64.ActiveCfg = Release|x64
		{55C643C8-E91C-4247-A1F3-387158EEEC02}.Release|x64.Build.0 = Release|x64
		{55C643C8-E91C-4247-A1F3-387158EEEC02}.Release|x64.Deploy.0 = Release|x64
		{55C643C8-E91C-4247-A1F3-387158EEEC02}.Release|x86.ActiveCfg = Release|x86
		{55C643C8-E91C-4247-A1F3-387158EEEC02}.Release|x86.Build.0 = Release|x86
		{55C643C8-E91C-4247-A1F3-387158EEEC02}.Release|x86.Deploy.0 = Release|x86
	EndGlobalSection
	GlobalSection(SolutionProperties) = preSolution
		HideSolutionNode = FALSE
	EndGlobalSection
	GlobalSection(NestedProjects) = preSolution
		{BDD1A27A-D0DC-49E6-A8BA-DC237FC70279} = {758718FB-B45C-45BC-8442-8F615BFAC1CC}
		{458EE44C-0967-4B38-BA8C-C5BE0FE6501D} = {758718FB-B45C-45BC-8442-8F615BFAC1CC}
		{A5B506EB-8567-43B6-AC7E-309D241687CC} = {758718FB-B45C-45BC-8442-8F615BFAC1CC}
		{363D31EB-1776-48DE-AED2-A9225930DFB1} = {78578F1E-595B-454A-9AD4-FB333CE2B25E}
		{AFE15984-1423-4D51-A41A-D919FE23B844} = {78578F1E-595B-454A-9AD4-FB333CE2B25E}
		{41C7CD9F-0153-43E4-87ED-7858A641D4A3} = {78578F1E-595B-454A-9AD4-FB333CE2B25E}
		{C3F2BA49-FEE9-494C-A430-EED34C82C82F} = {78578F1E-595B-454A-9AD4-FB333CE2B25E}
		{AACCFC0F-A3A0-4898-8EF2-1EB98A04FD7D} = {758718FB-B45C-45BC-8442-8F615BFAC1CC}
		{55C643C8-E91C-4247-A1F3-387158EEEC02} = {6801E073-D28F-426D-942F-3BF6157A5273}
	EndGlobalSection
EndGlobal
